
Microsoft Visual Studio Solution File, Format Version 12.00
# Visual Studio 15
VisualStudioVersion = 15.0.27428.2005
MinimumVisualStudioVersion = 10.0.40219.1
Project("{FAE04EC0-301F-11D3-BF4B-00C04F79EFBC}") = "Organiser.Android", "Organiser\Organiser.Android\Organiser.Android.csproj", "{2A273FF7-F485-4D24-8EE5-AE9E657DCD84}"
EndProject
Project("{FAE04EC0-301F-11D3-BF4B-00C04F79EFBC}") = "Organiser.iOS", "Organiser\Organiser.iOS\Organiser.iOS.csproj", "{F5DB9216-DE57-480A-B788-265446EDC89B}"
EndProject
Project("{FAE04EC0-301F-11D3-BF4B-00C04F79EFBC}") = "Organiser.UWP", "Organiser\Organiser.UWP\Organiser.UWP.csproj", "{A0DCC3A1-FD09-4820-8422-CA79B744E23C}"
EndProject
Project("{D954291E-2A0B-460D-934E-DC6B0785DB48}") = "Organiser", "Organiser\Organiser\Organiser.shproj", "{35252710-C6F3-4055-A019-1B3F4CA3F0E4}"
EndProject
Global
	GlobalSection(SharedMSBuildProjectFiles) = preSolution
		Organiser\Organiser\Organiser.projitems*{2a273ff7-f485-4d24-8ee5-ae9e657dcd84}*SharedItemsImports = 4
		Organiser\Organiser\Organiser.projitems*{35252710-c6f3-4055-a019-1b3f4ca3f0e4}*SharedItemsImports = 13
		Organiser\Organiser\Organiser.projitems*{a0dcc3a1-fd09-4820-8422-ca79b744e23c}*SharedItemsImports = 4
		Organiser\Organiser\Organiser.projitems*{f5db9216-de57-480a-b788-265446edc89b}*SharedItemsImports = 4
	EndGlobalSection
	GlobalSection(SolutionConfigurationPlatforms) = preSolution
		Ad-Hoc|Any CPU = Ad-Hoc|Any CPU
		Ad-Hoc|ARM = Ad-Hoc|ARM
		Ad-Hoc|iPhone = Ad-Hoc|iPhone
		Ad-Hoc|iPhoneSimulator = Ad-Hoc|iPhoneSimulator
		Ad-Hoc|x64 = Ad-Hoc|x64
		Ad-Hoc|x86 = Ad-Hoc|x86
		AppStore|Any CPU = AppStore|Any CPU
		AppStore|ARM = AppStore|ARM
		AppStore|iPhone = AppStore|iPhone
		AppStore|iPhoneSimulator = AppStore|iPhoneSimulator
		AppStore|x64 = AppStore|x64
		AppStore|x86 = AppStore|x86
		Debug|Any CPU = Debug|Any CPU
		Debug|ARM = Debug|ARM
		Debug|iPhone = Debug|iPhone
		Debug|iPhoneSimulator = Debug|iPhoneSimulator
		Debug|x64 = Debug|x64
		Debug|x86 = Debug|x86
		Release|Any CPU = Release|Any CPU
		Release|ARM = Release|ARM
		Release|iPhone = Release|iPhone
		Release|iPhoneSimulator = Release|iPhoneSimulator
		Release|x64 = Release|x64
		Release|x86 = Release|x86
	EndGlobalSection
	GlobalSection(ProjectConfigurationPlatforms) = postSolution
		{2A273FF7-F485-4D24-8EE5-AE9E657DCD84}.Ad-Hoc|Any CPU.ActiveCfg = Release|Any CPU
		{2A273FF7-F485-4D24-8EE5-AE9E657DCD84}.Ad-Hoc|Any CPU.Build.0 = Release|Any CPU
		{2A273FF7-F485-4D24-8EE5-AE9E657DCD84}.Ad-Hoc|Any CPU.Deploy.0 = Release|Any CPU
		{2A273FF7-F485-4D24-8EE5-AE9E657DCD84}.Ad-Hoc|ARM.ActiveCfg = Release|Any CPU
		{2A273FF7-F485-4D24-8EE5-AE9E657DCD84}.Ad-Hoc|ARM.Build.0 = Release|Any CPU
		{2A273FF7-F485-4D24-8EE5-AE9E657DCD84}.Ad-Hoc|ARM.Deploy.0 = Release|Any CPU
		{2A273FF7-F485-4D24-8EE5-AE9E657DCD84}.Ad-Hoc|iPhone.ActiveCfg = Release|Any CPU
		{2A273FF7-F485-4D24-8EE5-AE9E657DCD84}.Ad-Hoc|iPhone.Build.0 = Release|Any CPU
		{2A273FF7-F485-4D24-8EE5-AE9E657DCD84}.Ad-Hoc|iPhone.Deploy.0 = Release|Any CPU
		{2A273FF7-F485-4D24-8EE5-AE9E657DCD84}.Ad-Hoc|iPhoneSimulator.ActiveCfg = Release|Any CPU
		{2A273FF7-F485-4D24-8EE5-AE9E657DCD84}.Ad-Hoc|iPhoneSimulator.Build.0 = Release|Any CPU
		{2A273FF7-F485-4D24-8EE5-AE9E657DCD84}.Ad-Hoc|iPhoneSimulator.Deploy.0 = Release|Any CPU
		{2A273FF7-F485-4D24-8EE5-AE9E657DCD84}.Ad-Hoc|x64.ActiveCfg = Release|Any CPU
		{2A273FF7-F485-4D24-8EE5-AE9E657DCD84}.Ad-Hoc|x64.Build.0 = Release|Any CPU
		{2A273FF7-F485-4D24-8EE5-AE9E657DCD84}.Ad-Hoc|x64.Deploy.0 = Release|Any CPU
		{2A273FF7-F485-4D24-8EE5-AE9E657DCD84}.Ad-Hoc|x86.ActiveCfg = Release|Any CPU
		{2A273FF7-F485-4D24-8EE5-AE9E657DCD84}.Ad-Hoc|x86.Build.0 = Release|Any CPU
		{2A273FF7-F485-4D24-8EE5-AE9E657DCD84}.Ad-Hoc|x86.Deploy.0 = Release|Any CPU
		{2A273FF7-F485-4D24-8EE5-AE9E657DCD84}.AppStore|Any CPU.ActiveCfg = Release|Any CPU
		{2A273FF7-F485-4D24-8EE5-AE9E657DCD84}.AppStore|Any CPU.Build.0 = Release|Any CPU
		{2A273FF7-F485-4D24-8EE5-AE9E657DCD84}.AppStore|Any CPU.Deploy.0 = Release|Any CPU
		{2A273FF7-F485-4D24-8EE5-AE9E657DCD84}.AppStore|ARM.ActiveCfg = Release|Any CPU
		{2A273FF7-F485-4D24-8EE5-AE9E657DCD84}.AppStore|ARM.Build.0 = Release|Any CPU
		{2A273FF7-F485-4D24-8EE5-AE9E657DCD84}.AppStore|ARM.Deploy.0 = Release|Any CPU
		{2A273FF7-F485-4D24-8EE5-AE9E657DCD84}.AppStore|iPhone.ActiveCfg = Release|Any CPU
		{2A273FF7-F485-4D24-8EE5-AE9E657DCD84}.AppStore|iPhone.Build.0 = Release|Any CPU
		{2A273FF7-F485-4D24-8EE5-AE9E657DCD84}.AppStore|iPhone.Deploy.0 = Release|Any CPU
		{2A273FF7-F485-4D24-8EE5-AE9E657DCD84}.AppStore|iPhoneSimulator.ActiveCfg = Release|Any CPU
		{2A273FF7-F485-4D24-8EE5-AE9E657DCD84}.AppStore|iPhoneSimulator.Build.0 = Release|Any CPU
		{2A273FF7-F485-4D24-8EE5-AE9E657DCD84}.AppStore|iPhoneSimulator.Deploy.0 = Release|Any CPU
		{2A273FF7-F485-4D24-8EE5-AE9E657DCD84}.AppStore|x64.ActiveCfg = Release|Any CPU
		{2A273FF7-F485-4D24-8EE5-AE9E657DCD84}.AppStore|x64.Build.0 = Release|Any CPU
		{2A273FF7-F485-4D24-8EE5-AE9E657DCD84}.AppStore|x64.Deploy.0 = Release|Any CPU
		{2A273FF7-F485-4D24-8EE5-AE9E657DCD84}.AppStore|x86.ActiveCfg = Release|Any CPU
		{2A273FF7-F485-4D24-8EE5-AE9E657DCD84}.AppStore|x86.Build.0 = Release|Any CPU
		{2A273FF7-F485-4D24-8EE5-AE9E657DCD84}.AppStore|x86.Deploy.0 = Release|Any CPU
		{2A273FF7-F485-4D24-8EE5-AE9E657DCD84}.Debug|Any CPU.ActiveCfg = Debug|Any CPU
		{2A273FF7-F485-4D24-8EE5-AE9E657DCD84}.Debug|Any CPU.Build.0 = Debug|Any CPU
		{2A273FF7-F485-4D24-8EE5-AE9E657DCD84}.Debug|Any CPU.Deploy.0 = Debug|Any CPU
		{2A273FF7-F485-4D24-8EE5-AE9E657DCD84}.Debug|ARM.ActiveCfg = Debug|Any CPU
		{2A273FF7-F485-4D24-8EE5-AE9E657DCD84}.Debug|ARM.Build.0 = Debug|Any CPU
		{2A273FF7-F485-4D24-8EE5-AE9E657DCD84}.Debug|ARM.Deploy.0 = Debug|Any CPU
		{2A273FF7-F485-4D24-8EE5-AE9E657DCD84}.Debug|iPhone.ActiveCfg = Debug|Any CPU
		{2A273FF7-F485-4D24-8EE5-AE9E657DCD84}.Debug|iPhone.Build.0 = Debug|Any CPU
		{2A273FF7-F485-4D24-8EE5-AE9E657DCD84}.Debug|iPhone.Deploy.0 = Debug|Any CPU
		{2A273FF7-F485-4D24-8EE5-AE9E657DCD84}.Debug|iPhoneSimulator.ActiveCfg = Debug|Any CPU
		{2A273FF7-F485-4D24-8EE5-AE9E657DCD84}.Debug|iPhoneSimulator.Build.0 = Debug|Any CPU
		{2A273FF7-F485-4D24-8EE5-AE9E657DCD84}.Debug|iPhoneSimulator.Deploy.0 = Debug|Any CPU
		{2A273FF7-F485-4D24-8EE5-AE9E657DCD84}.Debug|x64.ActiveCfg = Debug|Any CPU
		{2A273FF7-F485-4D24-8EE5-AE9E657DCD84}.Debug|x64.Build.0 = Debug|Any CPU
		{2A273FF7-F485-4D24-8EE5-AE9E657DCD84}.Debug|x64.Deploy.0 = Debug|Any CPU
		{2A273FF7-F485-4D24-8EE5-AE9E657DCD84}.Debug|x86.ActiveCfg = Debug|Any CPU
		{2A273FF7-F485-4D24-8EE5-AE9E657DCD84}.Debug|x86.Build.0 = Debug|Any CPU
		{2A273FF7-F485-4D24-8EE5-AE9E657DCD84}.Debug|x86.Deploy.0 = Debug|Any CPU
		{2A273FF7-F485-4D24-8EE5-AE9E657DCD84}.Release|Any CPU.ActiveCfg = Release|Any CPU
		{2A273FF7-F485-4D24-8EE5-AE9E657DCD84}.Release|Any CPU.Build.0 = Release|Any CPU
		{2A273FF7-F485-4D24-8EE5-AE9E657DCD84}.Release|Any CPU.Deploy.0 = Release|Any CPU
		{2A273FF7-F485-4D24-8EE5-AE9E657DCD84}.Release|ARM.ActiveCfg = Release|Any CPU
		{2A273FF7-F485-4D24-8EE5-AE9E657DCD84}.Release|ARM.Build.0 = Release|Any CPU
		{2A273FF7-F485-4D24-8EE5-AE9E657DCD84}.Release|ARM.Deploy.0 = Release|Any CPU
		{2A273FF7-F485-4D24-8EE5-AE9E657DCD84}.Release|iPhone.ActiveCfg = Release|Any CPU
		{2A273FF7-F485-4D24-8EE5-AE9E657DCD84}.Release|iPhone.Build.0 = Release|Any CPU
		{2A273FF7-F485-4D24-8EE5-AE9E657DCD84}.Release|iPhone.Deploy.0 = Release|Any CPU
		{2A273FF7-F485-4D24-8EE5-AE9E657DCD84}.Release|iPhoneSimulator.ActiveCfg = Release|Any CPU
		{2A273FF7-F485-4D24-8EE5-AE9E657DCD84}.Release|iPhoneSimulator.Build.0 = Release|Any CPU
		{2A273FF7-F485-4D24-8EE5-AE9E657DCD84}.Release|iPhoneSimulator.Deploy.0 = Release|Any CPU
		{2A273FF7-F485-4D24-8EE5-AE9E657DCD84}.Release|x64.ActiveCfg = Release|Any CPU
		{2A273FF7-F485-4D24-8EE5-AE9E657DCD84}.Release|x64.Build.0 = Release|Any CPU
		{2A273FF7-F485-4D24-8EE5-AE9E657DCD84}.Release|x64.Deploy.0 = Release|Any CPU
		{2A273FF7-F485-4D24-8EE5-AE9E657DCD84}.Release|x86.ActiveCfg = Release|Any CPU
		{2A273FF7-F485-4D24-8EE5-AE9E657DCD84}.Release|x86.Build.0 = Release|Any CPU
		{2A273FF7-F485-4D24-8EE5-AE9E657DCD84}.Release|x86.Deploy.0 = Release|Any CPU
		{F5DB9216-DE57-480A-B788-265446EDC89B}.Ad-Hoc|Any CPU.ActiveCfg = Ad-Hoc|iPhone
		{F5DB9216-DE57-480A-B788-265446EDC89B}.Ad-Hoc|ARM.ActiveCfg = Ad-Hoc|iPhone
		{F5DB9216-DE57-480A-B788-265446EDC89B}.Ad-Hoc|iPhone.ActiveCfg = Ad-Hoc|iPhone
		{F5DB9216-DE57-480A-B788-265446EDC89B}.Ad-Hoc|iPhone.Build.0 = Ad-Hoc|iPhone
		{F5DB9216-DE57-480A-B788-265446EDC89B}.Ad-Hoc|iPhoneSimulator.ActiveCfg = Ad-Hoc|iPhoneSimulator
		{F5DB9216-DE57-480A-B788-265446EDC89B}.Ad-Hoc|iPhoneSimulator.Build.0 = Ad-Hoc|iPhoneSimulator
		{F5DB9216-DE57-480A-B788-265446EDC89B}.Ad-Hoc|x64.ActiveCfg = Ad-Hoc|iPhone
		{F5DB9216-DE57-480A-B788-265446EDC89B}.Ad-Hoc|x86.ActiveCfg = Ad-Hoc|iPhone
		{F5DB9216-DE57-480A-B788-265446EDC89B}.AppStore|Any CPU.ActiveCfg = AppStore|iPhone
		{F5DB9216-DE57-480A-B788-265446EDC89B}.AppStore|ARM.ActiveCfg = AppStore|iPhone
		{F5DB9216-DE57-480A-B788-265446EDC89B}.AppStore|iPhone.ActiveCfg = AppStore|iPhone
		{F5DB9216-DE57-480A-B788-265446EDC89B}.AppStore|iPhone.Build.0 = AppStore|iPhone
		{F5DB9216-DE57-480A-B788-265446EDC89B}.AppStore|iPhoneSimulator.ActiveCfg = AppStore|iPhoneSimulator
		{F5DB9216-DE57-480A-B788-265446EDC89B}.AppStore|iPhoneSimulator.Build.0 = AppStore|iPhoneSimulator
		{F5DB9216-DE57-480A-B788-265446EDC89B}.AppStore|x64.ActiveCfg = AppStore|iPhone
		{F5DB9216-DE57-480A-B788-265446EDC89B}.AppStore|x86.ActiveCfg = AppStore|iPhone
		{F5DB9216-DE57-480A-B788-265446EDC89B}.Debug|Any CPU.ActiveCfg = Debug|iPhone
		{F5DB9216-DE57-480A-B788-265446EDC89B}.Debug|ARM.ActiveCfg = Debug|iPhone
		{F5DB9216-DE57-480A-B788-265446EDC89B}.Debug|iPhone.ActiveCfg = Debug|iPhone
		{F5DB9216-DE57-480A-B788-265446EDC89B}.Debug|iPhone.Build.0 = Debug|iPhone
		{F5DB9216-DE57-480A-B788-265446EDC89B}.Debug|iPhoneSimulator.ActiveCfg = Debug|iPhoneSimulator
		{F5DB9216-DE57-480A-B788-265446EDC89B}.Debug|iPhoneSimulator.Build.0 = Debug|iPhoneSimulator
		{F5DB9216-DE57-480A-B788-265446EDC89B}.Debug|x64.ActiveCfg = Debug|iPhone
		{F5DB9216-DE57-480A-B788-265446EDC89B}.Debug|x86.ActiveCfg = Debug|iPhone
		{F5DB9216-DE57-480A-B788-265446EDC89B}.Release|Any CPU.ActiveCfg = Release|iPhone
		{F5DB9216-DE57-480A-B788-265446EDC89B}.Release|ARM.ActiveCfg = Release|iPhone
		{F5DB9216-DE57-480A-B788-265446EDC89B}.Release|iPhone.ActiveCfg = Release|iPhone
		{F5DB9216-DE57-480A-B788-265446EDC89B}.Release|iPhone.Build.0 = Release|iPhone
		{F5DB9216-DE57-480A-B788-265446EDC89B}.Release|iPhoneSimulator.ActiveCfg = Release|iPhoneSimulator
		{F5DB9216-DE57-480A-B788-265446EDC89B}.Release|iPhoneSimulator.Build.0 = Release|iPhoneSimulator
		{F5DB9216-DE57-480A-B788-265446EDC89B}.Release|x64.ActiveCfg = Release|iPhone
		{F5DB9216-DE57-480A-B788-265446EDC89B}.Release|x86.ActiveCfg = Release|iPhone
		{A0DCC3A1-FD09-4820-8422-CA79B744E23C}.Ad-Hoc|Any CPU.ActiveCfg = Release|x86
		{A0DCC3A1-FD09-4820-8422-CA79B744E23C}.Ad-Hoc|Any CPU.Build.0 = Release|x86
		{A0DCC3A1-FD09-4820-8422-CA79B744E23C}.Ad-Hoc|Any CPU.Deploy.0 = Release|x86
		{A0DCC3A1-FD09-4820-8422-CA79B744E23C}.Ad-Hoc|ARM.ActiveCfg = Release|ARM
		{A0DCC3A1-FD09-4820-8422-CA79B744E23C}.Ad-Hoc|ARM.Build.0 = Release|ARM
		{A0DCC3A1-FD09-4820-8422-CA79B744E23C}.Ad-Hoc|ARM.Deploy.0 = Release|ARM
		{A0DCC3A1-FD09-4820-8422-CA79B744E23C}.Ad-Hoc|iPhone.ActiveCfg = Release|x86
		{A0DCC3A1-FD09-4820-8422-CA79B744E23C}.Ad-Hoc|iPhone.Build.0 = Release|x86
		{A0DCC3A1-FD09-4820-8422-CA79B744E23C}.Ad-Hoc|iPhone.Deploy.0 = Release|x86
		{A0DCC3A1-FD09-4820-8422-CA79B744E23C}.Ad-Hoc|iPhoneSimulator.ActiveCfg = Release|x86
		{A0DCC3A1-FD09-4820-8422-CA79B744E23C}.Ad-Hoc|iPhoneSimulator.Build.0 = Release|x86
		{A0DCC3A1-FD09-4820-8422-CA79B744E23C}.Ad-Hoc|iPhoneSimulator.Deploy.0 = Release|x86
		{A0DCC3A1-FD09-4820-8422-CA79B744E23C}.Ad-Hoc|x64.ActiveCfg = Release|x64
		{A0DCC3A1-FD09-4820-8422-CA79B744E23C}.Ad-Hoc|x64.Build.0 = Release|x64
		{A0DCC3A1-FD09-4820-8422-CA79B744E23C}.Ad-Hoc|x64.Deploy.0 = Release|x64
		{A0DCC3A1-FD09-4820-8422-CA79B744E23C}.Ad-Hoc|x86.ActiveCfg = Release|x86
		{A0DCC3A1-FD09-4820-8422-CA79B744E23C}.Ad-Hoc|x86.Build.0 = Release|x86
		{A0DCC3A1-FD09-4820-8422-CA79B744E23C}.Ad-Hoc|x86.Deploy.0 = Release|x86
		{A0DCC3A1-FD09-4820-8422-CA79B744E23C}.AppStore|Any CPU.ActiveCfg = Release|x86
		{A0DCC3A1-FD09-4820-8422-CA79B744E23C}.AppStore|Any CPU.Build.0 = Release|x86
		{A0DCC3A1-FD09-4820-8422-CA79B744E23C}.AppStore|Any CPU.Deploy.0 = Release|x86
		{A0DCC3A1-FD09-4820-8422-CA79B744E23C}.AppStore|ARM.ActiveCfg = Release|ARM
		{A0DCC3A1-FD09-4820-8422-CA79B744E23C}.AppStore|ARM.Build.0 = Release|ARM
		{A0DCC3A1-FD09-4820-8422-CA79B744E23C}.AppStore|ARM.Deploy.0 = Release|ARM
		{A0DCC3A1-FD09-4820-8422-CA79B744E23C}.AppStore|iPhone.ActiveCfg = Release|x86
		{A0DCC3A1-FD09-4820-8422-CA79B744E23C}.AppStore|iPhone.Build.0 = Release|x86
		{A0DCC3A1-FD09-4820-8422-CA79B744E23C}.AppStore|iPhone.Deploy.0 = Release|x86
		{A0DCC3A1-FD09-4820-8422-CA79B744E23C}.AppStore|iPhoneSimulator.ActiveCfg = Release|x86
		{A0DCC3A1-FD09-4820-8422-CA79B744E23C}.AppStore|iPhoneSimulator.Build.0 = Release|x86
		{A0DCC3A1-FD09-4820-8422-CA79B744E23C}.AppStore|iPhoneSimulator.Deploy.0 = Release|x86
		{A0DCC3A1-FD09-4820-8422-CA79B744E23C}.AppStore|x64.ActiveCfg = Release|x64
		{A0DCC3A1-FD09-4820-8422-CA79B744E23C}.AppStore|x64.Build.0 = Release|x64
		{A0DCC3A1-FD09-4820-8422-CA79B744E23C}.AppStore|x64.Deploy.0 = Release|x64
		{A0DCC3A1-FD09-4820-8422-CA79B744E23C}.AppStore|x86.ActiveCfg = Release|x86
		{A0DCC3A1-FD09-4820-8422-CA79B744E23C}.AppStore|x86.Build.0 = Release|x86
		{A0DCC3A1-FD09-4820-8422-CA79B744E23C}.AppStore|x86.Deploy.0 = Release|x86
		{A0DCC3A1-FD09-4820-8422-CA79B744E23C}.Debug|Any CPU.ActiveCfg = Debug|x86
		{A0DCC3A1-FD09-4820-8422-CA79B744E23C}.Debug|ARM.ActiveCfg = Debug|ARM
		{A0DCC3A1-FD09-4820-8422-CA79B744E23C}.Debug|ARM.Build.0 = Debug|ARM
		{A0DCC3A1-FD09-4820-8422-CA79B744E23C}.Debug|ARM.Deploy.0 = Debug|ARM
		{A0DCC3A1-FD09-4820-8422-CA79B744E23C}.Debug|iPhone.ActiveCfg = Debug|x86
		{A0DCC3A1-FD09-4820-8422-CA79B744E23C}.Debug|iPhoneSimulator.ActiveCfg = Debug|x86
		{A0DCC3A1-FD09-4820-8422-CA79B744E23C}.Debug|x64.ActiveCfg = Debug|x64
		{A0DCC3A1-FD09-4820-8422-CA79B744E23C}.Debug|x64.Build.0 = Debug|x64
		{A0DCC3A1-FD09-4820-8422-CA79B744E23C}.Debug|x64.Deploy.0 = Debug|x64
		{A0DCC3A1-FD09-4820-8422-CA79B744E23C}.Debug|x86.ActiveCfg = Debug|x86
		{A0DCC3A1-FD09-4820-8422-CA79B744E23C}.Debug|x86.Build.0 = Debug|x86
		{A0DCC3A1-FD09-4820-8422-CA79B744E23C}.Debug|x86.Deploy.0 = Debug|x86
		{A0DCC3A1-FD09-4820-8422-CA79B744E23C}.Release|Any CPU.ActiveCfg = Release|x86
		{A0DCC3A1-FD09-4820-8422-CA79B744E23C}.Release|ARM.ActiveCfg = Release|ARM
		{A0DCC3A1-FD09-4820-8422-CA79B744E23C}.Release|ARM.Build.0 = Release|ARM
		{A0DCC3A1-FD09-4820-8422-CA79B744E23C}.Release|ARM.Deploy.0 = Release|ARM
		{A0DCC3A1-FD09-4820-8422-CA79B744E23C}.Release|iPhone.ActiveCfg = Release|x86
		{A0DCC3A1-FD09-4820-8422-CA79B744E23C}.Release|iPhoneSimulator.ActiveCfg = Release|x86
		{A0DCC3A1-FD09-4820-8422-CA79B744E23C}.Release|x64.ActiveCfg = Release|x64
		{A0DCC3A1-FD09-4820-8422-CA79B744E23C}.Release|x64.Build.0 = Release|x64
		{A0DCC3A1-FD09-4820-8422-CA79B744E23C}.Release|x64.Deploy.0 = Release|x64
		{A0DCC3A1-FD09-4820-8422-CA79B744E23C}.Release|x86.ActiveCfg = Release|x86
		{A0DCC3A1-FD09-4820-8422-CA79B744E23C}.Release|x86.Build.0 = Release|x86
		{A0DCC3A1-FD09-4820-8422-CA79B744E23C}.Release|x86.Deploy.0 = Release|x86
	EndGlobalSection
	GlobalSection(SolutionProperties) = preSolution
		HideSolutionNode = FALSE
	EndGlobalSection
	GlobalSection(ExtensibilityGlobals) = postSolution
		SolutionGuid = {B3C37D4D-2BBF-46F5-8534-91265C5E7C7A}
	EndGlobalSection
EndGlobal
